
Microsoft Visual Studio Solution File, Format Version 12.00
# Visual Studio Version 17
VisualStudioVersion = 17.9.34622.214
MinimumVisualStudioVersion = 10.0.40219.1
Project("{9A19103F-16F7-4668-BE54-9A1E7A4F7556}") = "Desktop", "Desktop\Desktop.csproj", "{9D2654A5-7B94-4970-AEA6-8DF97CB02923}"
EndProject
Global
	GlobalSection(SolutionConfigurationPlatforms) = preSolution
		Debug|Any CPU = Debug|Any CPU
		Release|Any CPU = Release|Any CPU
	EndGlobalSection
	GlobalSection(ProjectConfigurationPlatforms) = postSolution
		{9D2654A5-7B94-4970-AEA6-8DF97CB02923}.Debug|Any CPU.ActiveCfg = Debug|Any CPU
		{9D2654A5-7B94-4970-AEA6-8DF97CB02923}.Debug|Any CPU.Build.0 = Debug|Any CPU
		{9D2654A5-7B94-4970-AEA6-8DF97CB02923}.Release|Any CPU.ActiveCfg = Release|Any CPU
		{9D2654A5-7B94-4970-AEA6-8DF97CB02923}.Release|Any CPU.Build.0 = Release|Any CPU
	EndGlobalSection
	GlobalSection(SolutionProperties) = preSolution
		HideSolutionNode = FALSE
	EndGlobalSection
	GlobalSection(ExtensibilityGlobals) = postSolution
		SolutionGuid = {D5B86A78-CA84-4263-926C-824F72F91FCD}
	EndGlobalSection
EndGlobal
